
Microsoft Visual Studio Solution File, Format Version 12.00
# Visual Studio 15
VisualStudioVersion = 15.0.27130.2027
MinimumVisualStudioVersion = 10.0.40219.1
Project("{FAE04EC0-301F-11D3-BF4B-00C04F79EFBC}") = "VideoPlayer", "VideoPlayer\VideoPlayer.csproj", "{584DB4F1-B128-4CB6-837C-FDF81BAD47D1}"
EndProject
Project("{FAE04EC0-301F-11D3-BF4B-00C04F79EFBC}") = "Configuration", "Configuration\Configuration.csproj", "{76A2B259-C6FA-48AE-9160-00D9E04CD70C}"
EndProject
Global
	GlobalSection(SolutionConfigurationPlatforms) = preSolution
		Debug|Any CPU = Debug|Any CPU
		Release|Any CPU = Release|Any CPU
	EndGlobalSection
	GlobalSection(ProjectConfigurationPlatforms) = postSolution
		{584DB4F1-B128-4CB6-837C-FDF81BAD47D1}.Debug|Any CPU.ActiveCfg = Debug|Any CPU
		{584DB4F1-B128-4CB6-837C-FDF81BAD47D1}.Debug|Any CPU.Build.0 = Debug|Any CPU
		{584DB4F1-B128-4CB6-837C-FDF81BAD47D1}.Release|Any CPU.ActiveCfg = Release|Any CPU
		{584DB4F1-B128-4CB6-837C-FDF81BAD47D1}.Release|Any CPU.Build.0 = Release|Any CPU
		{76A2B259-C6FA-48AE-9160-00D9E04CD70C}.Debug|Any CPU.ActiveCfg = Debug|Any CPU
		{76A2B259-C6FA-48AE-9160-00D9E04CD70C}.Debug|Any CPU.Build.0 = Debug|Any CPU
		{76A2B259-C6FA-48AE-9160-00D9E04CD70C}.Release|Any CPU.ActiveCfg = Release|Any CPU
		{76A2B259-C6FA-48AE-9160-00D9E04CD70C}.Release|Any CPU.Build.0 = Release|Any CPU
	EndGlobalSection
	GlobalSection(SolutionProperties) = preSolution
		HideSolutionNode = FALSE
	EndGlobalSection
	GlobalSection(ExtensibilityGlobals) = postSolution
		SolutionGuid = {B204EE86-90FA-46B4-AF20-25F9D46B1921}
	EndGlobalSection
EndGlobal
